
Microsoft Visual Studio Solution File, Format Version 12.00
# Visual Studio 15
VisualStudioVersion = 15.0.28010.2026
MinimumVisualStudioVersion = 10.0.40219.1
Project("{FAE04EC0-301F-11D3-BF4B-00C04F79EFBC}") = "BaiTap2lon", "BaiTap2lon\BaiTap2lon.csproj", "{FA7E7310-5376-40F1-AB40-B2D5814F5F77}"
EndProject
Global
	GlobalSection(SolutionConfigurationPlatforms) = preSolution
		Debug|Any CPU = Debug|Any CPU
		Release|Any CPU = Release|Any CPU
	EndGlobalSection
	GlobalSection(ProjectConfigurationPlatforms) = postSolution
		{FA7E7310-5376-40F1-AB40-B2D5814F5F77}.Debug|Any CPU.ActiveCfg = Debug|Any CPU
		{FA7E7310-5376-40F1-AB40-B2D5814F5F77}.Debug|Any CPU.Build.0 = Debug|Any CPU
		{FA7E7310-5376-40F1-AB40-B2D5814F5F77}.Release|Any CPU.ActiveCfg = Release|Any CPU
		{FA7E7310-5376-40F1-AB40-B2D5814F5F77}.Release|Any CPU.Build.0 = Release|Any CPU
	EndGlobalSection
	GlobalSection(SolutionProperties) = preSolution
		HideSolutionNode = FALSE
	EndGlobalSection
	GlobalSection(ExtensibilityGlobals) = postSolution
		SolutionGuid = {DE0ADFE3-49A1-4527-881E-48AB4AE7A83C}
	EndGlobalSection
EndGlobal
